
Microsoft Visual Studio Solution File, Format Version 12.00
# Visual Studio 15
VisualStudioVersion = 15.0.26430.12
MinimumVisualStudioVersion = 10.0.40219.1
Project("{FAE04EC0-301F-11D3-BF4B-00C04F79EFBC}") = "GPSCheck", "GPSCheck.csproj", "{69D0521D-BBBF-4528-B844-7F1168AD031C}"
EndProject
Project("{FAE04EC0-301F-11D3-BF4B-00C04F79EFBC}") = "AdminFm", "..\AdminFm\AdminFm.csproj", "{3ECFDEB6-FA83-4E4C-BE0B-721C824C427A}"
EndProject
Global
	GlobalSection(SolutionConfigurationPlatforms) = preSolution
		Debug|Any CPU = Debug|Any CPU
		Release|Any CPU = Release|Any CPU
	EndGlobalSection
	GlobalSection(ProjectConfigurationPlatforms) = postSolution
		{69D0521D-BBBF-4528-B844-7F1168AD031C}.Debug|Any CPU.ActiveCfg = Debug|Any CPU
		{69D0521D-BBBF-4528-B844-7F1168AD031C}.Debug|Any CPU.Build.0 = Debug|Any CPU
		{69D0521D-BBBF-4528-B844-7F1168AD031C}.Release|Any CPU.ActiveCfg = Release|Any CPU
		{69D0521D-BBBF-4528-B844-7F1168AD031C}.Release|Any CPU.Build.0 = Release|Any CPU
		{3ECFDEB6-FA83-4E4C-BE0B-721C824C427A}.Debug|Any CPU.ActiveCfg = Debug|Any CPU
		{3ECFDEB6-FA83-4E4C-BE0B-721C824C427A}.Debug|Any CPU.Build.0 = Debug|Any CPU
		{3ECFDEB6-FA83-4E4C-BE0B-721C824C427A}.Release|Any CPU.ActiveCfg = Release|Any CPU
		{3ECFDEB6-FA83-4E4C-BE0B-721C824C427A}.Release|Any CPU.Build.0 = Release|Any CPU
	EndGlobalSection
	GlobalSection(SolutionProperties) = preSolution
		HideSolutionNode = FALSE
	EndGlobalSection
EndGlobal
