
Microsoft Visual Studio Solution File, Format Version 12.00
# Visual Studio 15
VisualStudioVersion = 15.0.26430.12
MinimumVisualStudioVersion = 10.0.40219.1
Project("{FAE04EC0-301F-11D3-BF4B-00C04F79EFBC}") = "CommonLab", "CommonLab\CommonLab.csproj", "{09F95FC2-52A7-45F4-9624-25912DC293FA}"
EndProject
Project("{FAE04EC0-301F-11D3-BF4B-00C04F79EFBC}") = "CCAPI_WSS", "CCAPI_WSS\CCAPI_WSS.csproj", "{15264E5A-4502-4AA7-9ABF-008423180539}"
EndProject
Project("{2150E333-8FDC-42A3-9474-1A3956D46DE8}") = "Solution Items", "Solution Items", "{F6660288-0EFA-4B6D-A41B-19FF7AE0AEA6}"
	ProjectSection(SolutionItems) = preProject
		TEST.txt = TEST.txt
	EndProjectSection
EndProject
Project("{FAE04EC0-301F-11D3-BF4B-00C04F79EFBC}") = "Test", "Test\Test.csproj", "{1637BA55-8464-4F85-9011-D8C5F4D3D675}"
EndProject
Project("{2150E333-8FDC-42A3-9474-1A3956D46DE8}") = "Exchages", "Exchages", "{621F485D-270D-47A7-A13B-E2DF902D737D}"
EndProject
Project("{2150E333-8FDC-42A3-9474-1A3956D46DE8}") = "Strategy", "Strategy", "{B6FAD211-CABD-49C4-AACA-DCE75DC92169}"
EndProject
Project("{FAE04EC0-301F-11D3-BF4B-00C04F79EFBC}") = "HFTS_OKEX_Maker_Test", "Strategy\HFTS_OKEX_Maker_Test\HFTS_OKEX_Maker_Test.csproj", "{DBF3EBB7-5B3E-4C33-B8EC-2C7E72CC1490}"
EndProject
Project("{FAE04EC0-301F-11D3-BF4B-00C04F79EFBC}") = "LeekReaperTest", "Strategy\LeekReaperTest\LeekReaperTest.csproj", "{2F440DA2-BED7-42AB-B133-39BE66DBFB36}"
EndProject
Project("{FAE04EC0-301F-11D3-BF4B-00C04F79EFBC}") = "RawOCHL", "Strategy\RawOCHL\RawOCHL.csproj", "{228A0D54-38E4-4CB1-B5C8-7E3A9118AC58}"
EndProject
Project("{FAE04EC0-301F-11D3-BF4B-00C04F79EFBC}") = "EZB", "Exchanges\EZB\EZB.csproj", "{7B694130-53A4-47FC-AF07-6C6405AE3D7C}"
EndProject
Project("{FAE04EC0-301F-11D3-BF4B-00C04F79EFBC}") = "EBinance", "Exchanges\EBinance\EBinance.csproj", "{7C02D7BE-EEF2-4636-BF36-DC8A75838598}"
EndProject
Project("{FAE04EC0-301F-11D3-BF4B-00C04F79EFBC}") = "EBitstamp", "Exchanges\EBitstamp\EBitstamp.csproj", "{7D02CE45-07BD-4B54-8032-800D5A38F6FC}"
EndProject
Project("{FAE04EC0-301F-11D3-BF4B-00C04F79EFBC}") = "EHuobiExchange", "Exchanges\EHuobiExchange\EHuobiExchange.csproj", "{0CF9695B-CF1B-4C8C-A890-37DCE2D52294}"
EndProject
Project("{FAE04EC0-301F-11D3-BF4B-00C04F79EFBC}") = "Equoine", "Exchanges\Equoine\Equoine.csproj", "{CBBD3204-3C5E-4CCA-8BC5-1BBDDF8FAB04}"
EndProject
Project("{FAE04EC0-301F-11D3-BF4B-00C04F79EFBC}") = "OkCoin", "Exchanges\OkCoin\OkCoin.csproj", "{DDB3740C-E219-4D1E-BE80-F3E518D41515}"
EndProject
Project("{2150E333-8FDC-42A3-9474-1A3956D46DE8}") = "Interface", "Interface", "{D944D54D-F2E2-4FAA-AF72-1B2013C42923}"
EndProject
Project("{FAE04EC0-301F-11D3-BF4B-00C04F79EFBC}") = "ExchangeInterface", "Interface\Exchangeinterface\ExchangeInterface.csproj", "{ACAEEC48-25F8-4675-9FBC-3EF1F17E0E68}"
EndProject
Project("{FAE04EC0-301F-11D3-BF4B-00C04F79EFBC}") = "CaculateAsset", "Strategy\CaculateAsset\CaculateAsset.csproj", "{C0641DDE-7277-46C2-BB30-DB3A0D9C403E}"
EndProject
Project("{2150E333-8FDC-42A3-9474-1A3956D46DE8}") = "UnitTest", "UnitTest", "{379D14D7-A06F-4931-86D2-FEB93635023C}"
EndProject
Project("{2150E333-8FDC-42A3-9474-1A3956D46DE8}") = "ThirdPartyAPI", "ThirdPartyAPI", "{A883C4B0-E538-4EAE-BB69-E1E503C49930}"
EndProject
Project("{2150E333-8FDC-42A3-9474-1A3956D46DE8}") = "Common", "Common", "{C34AC54B-3747-4B7A-AB14-870DFA52EF11}"
EndProject
Project("{2150E333-8FDC-42A3-9474-1A3956D46DE8}") = "BackTest", "BackTest", "{96C27084-FDD4-4FA8-8115-F5335D79EACA}"
EndProject
Project("{FAE04EC0-301F-11D3-BF4B-00C04F79EFBC}") = "KFCC.BackTest.Model", "BackTest\KFCC.BackTest.Model\KFCC.BackTest.Model.csproj", "{6436878D-95F9-4AD5-86C4-E5822C374DC0}"
EndProject
Project("{FAE04EC0-301F-11D3-BF4B-00C04F79EFBC}") = "BianaceTest", "Strategy\BianaceTest\BianaceTest.csproj", "{1B96C615-1CC5-4151-892A-8BDEDEA58B24}"
EndProject
Project("{FAE04EC0-301F-11D3-BF4B-00C04F79EFBC}") = "BinacneETF", "Strategy\BinacneETF\BinacneETF.csproj", "{404414E8-D8B6-413D-ACDD-47670F95D0FD}"
EndProject
Project("{FAE04EC0-301F-11D3-BF4B-00C04F79EFBC}") = "BinanceMon", "Strategy\BinanceMon\BinanceMon.csproj", "{7085EF67-4878-471E-B56F-54AF0449AA6E}"
EndProject
Project("{2150E333-8FDC-42A3-9474-1A3956D46DE8}") = "Tools", "Tools", "{2E20E504-C5F6-4025-9AB3-B8BB214DB009}"
EndProject
Project("{FAE04EC0-301F-11D3-BF4B-00C04F79EFBC}") = "NoticeCenter", "Tools\NoticeCenter\NoticeCenter.csproj", "{DCCA89BB-1E6D-4A48-936D-7F7581E98783}"
EndProject
Project("{2150E333-8FDC-42A3-9474-1A3956D46DE8}") = "Web", "Web", "{DD2A1155-0970-49B1-B5AB-F49EE9E91381}"
EndProject
Project("{2150E333-8FDC-42A3-9474-1A3956D46DE8}") = "WeChat", "WeChat", "{309641FE-0B7A-41A7-9D59-450D6DFC0CA9}"
EndProject
Project("{FAE04EC0-301F-11D3-BF4B-00C04F79EFBC}") = "WWW", "Web\WWW\WWW.csproj", "{9209721C-64B6-43C7-B0CB-932BAD238396}"
EndProject
Project("{2150E333-8FDC-42A3-9474-1A3956D46DE8}") = "SMSTools", "SMSTools", "{AA003784-304B-469A-89A2-1C30AC0A0525}"
EndProject
Project("{FAE04EC0-301F-11D3-BF4B-00C04F79EFBC}") = "SmsLib", "Tools\SmsLib\SmsLib\SmsLib.csproj", "{EBB0E521-5D7E-4226-97D8-D15B2A70FF38}"
EndProject
Global
	GlobalSection(SolutionConfigurationPlatforms) = preSolution
		Debug|Any CPU = Debug|Any CPU
		Release|Any CPU = Release|Any CPU
	EndGlobalSection
	GlobalSection(ProjectConfigurationPlatforms) = postSolution
		{09F95FC2-52A7-45F4-9624-25912DC293FA}.Debug|Any CPU.ActiveCfg = Debug|Any CPU
		{09F95FC2-52A7-45F4-9624-25912DC293FA}.Debug|Any CPU.Build.0 = Debug|Any CPU
		{09F95FC2-52A7-45F4-9624-25912DC293FA}.Release|Any CPU.ActiveCfg = Release|Any CPU
		{09F95FC2-52A7-45F4-9624-25912DC293FA}.Release|Any CPU.Build.0 = Release|Any CPU
		{15264E5A-4502-4AA7-9ABF-008423180539}.Debug|Any CPU.ActiveCfg = Debug|Any CPU
		{15264E5A-4502-4AA7-9ABF-008423180539}.Debug|Any CPU.Build.0 = Debug|Any CPU
		{15264E5A-4502-4AA7-9ABF-008423180539}.Release|Any CPU.ActiveCfg = Release|Any CPU
		{15264E5A-4502-4AA7-9ABF-008423180539}.Release|Any CPU.Build.0 = Release|Any CPU
		{1637BA55-8464-4F85-9011-D8C5F4D3D675}.Debug|Any CPU.ActiveCfg = Debug|Any CPU
		{1637BA55-8464-4F85-9011-D8C5F4D3D675}.Debug|Any CPU.Build.0 = Debug|Any CPU
		{1637BA55-8464-4F85-9011-D8C5F4D3D675}.Release|Any CPU.ActiveCfg = Release|Any CPU
		{1637BA55-8464-4F85-9011-D8C5F4D3D675}.Release|Any CPU.Build.0 = Release|Any CPU
		{DBF3EBB7-5B3E-4C33-B8EC-2C7E72CC1490}.Debug|Any CPU.ActiveCfg = Debug|Any CPU
		{DBF3EBB7-5B3E-4C33-B8EC-2C7E72CC1490}.Debug|Any CPU.Build.0 = Debug|Any CPU
		{DBF3EBB7-5B3E-4C33-B8EC-2C7E72CC1490}.Release|Any CPU.ActiveCfg = Release|Any CPU
		{DBF3EBB7-5B3E-4C33-B8EC-2C7E72CC1490}.Release|Any CPU.Build.0 = Release|Any CPU
		{2F440DA2-BED7-42AB-B133-39BE66DBFB36}.Debug|Any CPU.ActiveCfg = Debug|Any CPU
		{2F440DA2-BED7-42AB-B133-39BE66DBFB36}.Debug|Any CPU.Build.0 = Debug|Any CPU
		{2F440DA2-BED7-42AB-B133-39BE66DBFB36}.Release|Any CPU.ActiveCfg = Release|Any CPU
		{2F440DA2-BED7-42AB-B133-39BE66DBFB36}.Release|Any CPU.Build.0 = Release|Any CPU
		{228A0D54-38E4-4CB1-B5C8-7E3A9118AC58}.Debug|Any CPU.ActiveCfg = Debug|Any CPU
		{228A0D54-38E4-4CB1-B5C8-7E3A9118AC58}.Debug|Any CPU.Build.0 = Debug|Any CPU
		{228A0D54-38E4-4CB1-B5C8-7E3A9118AC58}.Release|Any CPU.ActiveCfg = Release|Any CPU
		{228A0D54-38E4-4CB1-B5C8-7E3A9118AC58}.Release|Any CPU.Build.0 = Release|Any CPU
		{7B694130-53A4-47FC-AF07-6C6405AE3D7C}.Debug|Any CPU.ActiveCfg = Debug|Any CPU
		{7B694130-53A4-47FC-AF07-6C6405AE3D7C}.Debug|Any CPU.Build.0 = Debug|Any CPU
		{7B694130-53A4-47FC-AF07-6C6405AE3D7C}.Release|Any CPU.ActiveCfg = Release|Any CPU
		{7B694130-53A4-47FC-AF07-6C6405AE3D7C}.Release|Any CPU.Build.0 = Release|Any CPU
		{7C02D7BE-EEF2-4636-BF36-DC8A75838598}.Debug|Any CPU.ActiveCfg = Debug|Any CPU
		{7C02D7BE-EEF2-4636-BF36-DC8A75838598}.Debug|Any CPU.Build.0 = Debug|Any CPU
		{7C02D7BE-EEF2-4636-BF36-DC8A75838598}.Release|Any CPU.ActiveCfg = Release|Any CPU
		{7C02D7BE-EEF2-4636-BF36-DC8A75838598}.Release|Any CPU.Build.0 = Release|Any CPU
		{7D02CE45-07BD-4B54-8032-800D5A38F6FC}.Debug|Any CPU.ActiveCfg = Debug|Any CPU
		{7D02CE45-07BD-4B54-8032-800D5A38F6FC}.Debug|Any CPU.Build.0 = Debug|Any CPU
		{7D02CE45-07BD-4B54-8032-800D5A38F6FC}.Release|Any CPU.ActiveCfg = Release|Any CPU
		{7D02CE45-07BD-4B54-8032-800D5A38F6FC}.Release|Any CPU.Build.0 = Release|Any CPU
		{0CF9695B-CF1B-4C8C-A890-37DCE2D52294}.Debug|Any CPU.ActiveCfg = Debug|Any CPU
		{0CF9695B-CF1B-4C8C-A890-37DCE2D52294}.Debug|Any CPU.Build.0 = Debug|Any CPU
		{0CF9695B-CF1B-4C8C-A890-37DCE2D52294}.Release|Any CPU.ActiveCfg = Release|Any CPU
		{0CF9695B-CF1B-4C8C-A890-37DCE2D52294}.Release|Any CPU.Build.0 = Release|Any CPU
		{CBBD3204-3C5E-4CCA-8BC5-1BBDDF8FAB04}.Debug|Any CPU.ActiveCfg = Debug|Any CPU
		{CBBD3204-3C5E-4CCA-8BC5-1BBDDF8FAB04}.Debug|Any CPU.Build.0 = Debug|Any CPU
		{CBBD3204-3C5E-4CCA-8BC5-1BBDDF8FAB04}.Release|Any CPU.ActiveCfg = Release|Any CPU
		{CBBD3204-3C5E-4CCA-8BC5-1BBDDF8FAB04}.Release|Any CPU.Build.0 = Release|Any CPU
		{DDB3740C-E219-4D1E-BE80-F3E518D41515}.Debug|Any CPU.ActiveCfg = Debug|Any CPU
		{DDB3740C-E219-4D1E-BE80-F3E518D41515}.Debug|Any CPU.Build.0 = Debug|Any CPU
		{DDB3740C-E219-4D1E-BE80-F3E518D41515}.Release|Any CPU.ActiveCfg = Release|Any CPU
		{DDB3740C-E219-4D1E-BE80-F3E518D41515}.Release|Any CPU.Build.0 = Release|Any CPU
		{ACAEEC48-25F8-4675-9FBC-3EF1F17E0E68}.Debug|Any CPU.ActiveCfg = Debug|Any CPU
		{ACAEEC48-25F8-4675-9FBC-3EF1F17E0E68}.Debug|Any CPU.Build.0 = Debug|Any CPU
		{ACAEEC48-25F8-4675-9FBC-3EF1F17E0E68}.Release|Any CPU.ActiveCfg = Release|Any CPU
		{ACAEEC48-25F8-4675-9FBC-3EF1F17E0E68}.Release|Any CPU.Build.0 = Release|Any CPU
		{C0641DDE-7277-46C2-BB30-DB3A0D9C403E}.Debug|Any CPU.ActiveCfg = Debug|Any CPU
		{C0641DDE-7277-46C2-BB30-DB3A0D9C403E}.Debug|Any CPU.Build.0 = Debug|Any CPU
		{C0641DDE-7277-46C2-BB30-DB3A0D9C403E}.Release|Any CPU.ActiveCfg = Release|Any CPU
		{C0641DDE-7277-46C2-BB30-DB3A0D9C403E}.Release|Any CPU.Build.0 = Release|Any CPU
		{6436878D-95F9-4AD5-86C4-E5822C374DC0}.Debug|Any CPU.ActiveCfg = Debug|Any CPU
		{6436878D-95F9-4AD5-86C4-E5822C374DC0}.Debug|Any CPU.Build.0 = Debug|Any CPU
		{6436878D-95F9-4AD5-86C4-E5822C374DC0}.Release|Any CPU.ActiveCfg = Release|Any CPU
		{6436878D-95F9-4AD5-86C4-E5822C374DC0}.Release|Any CPU.Build.0 = Release|Any CPU
		{1B96C615-1CC5-4151-892A-8BDEDEA58B24}.Debug|Any CPU.ActiveCfg = Debug|Any CPU
		{1B96C615-1CC5-4151-892A-8BDEDEA58B24}.Debug|Any CPU.Build.0 = Debug|Any CPU
		{1B96C615-1CC5-4151-892A-8BDEDEA58B24}.Release|Any CPU.ActiveCfg = Release|Any CPU
		{1B96C615-1CC5-4151-892A-8BDEDEA58B24}.Release|Any CPU.Build.0 = Release|Any CPU
		{404414E8-D8B6-413D-ACDD-47670F95D0FD}.Debug|Any CPU.ActiveCfg = Debug|Any CPU
		{404414E8-D8B6-413D-ACDD-47670F95D0FD}.Debug|Any CPU.Build.0 = Debug|Any CPU
		{404414E8-D8B6-413D-ACDD-47670F95D0FD}.Release|Any CPU.ActiveCfg = Release|Any CPU
		{404414E8-D8B6-413D-ACDD-47670F95D0FD}.Release|Any CPU.Build.0 = Release|Any CPU
		{7085EF67-4878-471E-B56F-54AF0449AA6E}.Debug|Any CPU.ActiveCfg = Debug|Any CPU
		{7085EF67-4878-471E-B56F-54AF0449AA6E}.Debug|Any CPU.Build.0 = Debug|Any CPU
		{7085EF67-4878-471E-B56F-54AF0449AA6E}.Release|Any CPU.ActiveCfg = Release|Any CPU
		{7085EF67-4878-471E-B56F-54AF0449AA6E}.Release|Any CPU.Build.0 = Release|Any CPU
		{DCCA89BB-1E6D-4A48-936D-7F7581E98783}.Debug|Any CPU.ActiveCfg = Debug|Any CPU
		{DCCA89BB-1E6D-4A48-936D-7F7581E98783}.Debug|Any CPU.Build.0 = Debug|Any CPU
		{DCCA89BB-1E6D-4A48-936D-7F7581E98783}.Release|Any CPU.ActiveCfg = Release|Any CPU
		{DCCA89BB-1E6D-4A48-936D-7F7581E98783}.Release|Any CPU.Build.0 = Release|Any CPU
		{9209721C-64B6-43C7-B0CB-932BAD238396}.Debug|Any CPU.ActiveCfg = Debug|Any CPU
		{9209721C-64B6-43C7-B0CB-932BAD238396}.Debug|Any CPU.Build.0 = Debug|Any CPU
		{9209721C-64B6-43C7-B0CB-932BAD238396}.Release|Any CPU.ActiveCfg = Release|Any CPU
		{9209721C-64B6-43C7-B0CB-932BAD238396}.Release|Any CPU.Build.0 = Release|Any CPU
		{EBB0E521-5D7E-4226-97D8-D15B2A70FF38}.Debug|Any CPU.ActiveCfg = Debug|Any CPU
		{EBB0E521-5D7E-4226-97D8-D15B2A70FF38}.Debug|Any CPU.Build.0 = Debug|Any CPU
		{EBB0E521-5D7E-4226-97D8-D15B2A70FF38}.Release|Any CPU.ActiveCfg = Release|Any CPU
		{EBB0E521-5D7E-4226-97D8-D15B2A70FF38}.Release|Any CPU.Build.0 = Release|Any CPU
	EndGlobalSection
	GlobalSection(SolutionProperties) = preSolution
		HideSolutionNode = FALSE
	EndGlobalSection
	GlobalSection(NestedProjects) = preSolution
		{09F95FC2-52A7-45F4-9624-25912DC293FA} = {C34AC54B-3747-4B7A-AB14-870DFA52EF11}
		{15264E5A-4502-4AA7-9ABF-008423180539} = {A883C4B0-E538-4EAE-BB69-E1E503C49930}
		{1637BA55-8464-4F85-9011-D8C5F4D3D675} = {379D14D7-A06F-4931-86D2-FEB93635023C}
		{DBF3EBB7-5B3E-4C33-B8EC-2C7E72CC1490} = {B6FAD211-CABD-49C4-AACA-DCE75DC92169}
		{2F440DA2-BED7-42AB-B133-39BE66DBFB36} = {B6FAD211-CABD-49C4-AACA-DCE75DC92169}
		{228A0D54-38E4-4CB1-B5C8-7E3A9118AC58} = {B6FAD211-CABD-49C4-AACA-DCE75DC92169}
		{7B694130-53A4-47FC-AF07-6C6405AE3D7C} = {621F485D-270D-47A7-A13B-E2DF902D737D}
		{7C02D7BE-EEF2-4636-BF36-DC8A75838598} = {621F485D-270D-47A7-A13B-E2DF902D737D}
		{7D02CE45-07BD-4B54-8032-800D5A38F6FC} = {621F485D-270D-47A7-A13B-E2DF902D737D}
		{0CF9695B-CF1B-4C8C-A890-37DCE2D52294} = {621F485D-270D-47A7-A13B-E2DF902D737D}
		{CBBD3204-3C5E-4CCA-8BC5-1BBDDF8FAB04} = {621F485D-270D-47A7-A13B-E2DF902D737D}
		{DDB3740C-E219-4D1E-BE80-F3E518D41515} = {621F485D-270D-47A7-A13B-E2DF902D737D}
		{ACAEEC48-25F8-4675-9FBC-3EF1F17E0E68} = {D944D54D-F2E2-4FAA-AF72-1B2013C42923}
		{C0641DDE-7277-46C2-BB30-DB3A0D9C403E} = {B6FAD211-CABD-49C4-AACA-DCE75DC92169}
		{6436878D-95F9-4AD5-86C4-E5822C374DC0} = {96C27084-FDD4-4FA8-8115-F5335D79EACA}
		{1B96C615-1CC5-4151-892A-8BDEDEA58B24} = {B6FAD211-CABD-49C4-AACA-DCE75DC92169}
		{404414E8-D8B6-413D-ACDD-47670F95D0FD} = {B6FAD211-CABD-49C4-AACA-DCE75DC92169}
		{7085EF67-4878-471E-B56F-54AF0449AA6E} = {B6FAD211-CABD-49C4-AACA-DCE75DC92169}
		{DCCA89BB-1E6D-4A48-936D-7F7581E98783} = {2E20E504-C5F6-4025-9AB3-B8BB214DB009}
		{309641FE-0B7A-41A7-9D59-450D6DFC0CA9} = {2E20E504-C5F6-4025-9AB3-B8BB214DB009}
		{9209721C-64B6-43C7-B0CB-932BAD238396} = {DD2A1155-0970-49B1-B5AB-F49EE9E91381}
		{AA003784-304B-469A-89A2-1C30AC0A0525} = {2E20E504-C5F6-4025-9AB3-B8BB214DB009}
		{EBB0E521-5D7E-4226-97D8-D15B2A70FF38} = {AA003784-304B-469A-89A2-1C30AC0A0525}
	EndGlobalSection
	GlobalSection(ExtensibilityGlobals) = postSolution
		SolutionGuid = {D44D9903-B24D-4444-9B68-DB6D9049FA17}
	EndGlobalSection
EndGlobal
