
Microsoft Visual Studio Solution File, Format Version 12.00
# Visual Studio 2013
VisualStudioVersion = 12.0.30501.0
MinimumVisualStudioVersion = 10.0.40219.1
Project("{FAE04EC0-301F-11D3-BF4B-00C04F79EFBC}") = "DAO", "DAO\DAO.csproj", "{3E072A14-6A47-4679-A813-6DBD0E5FAE5B}"
EndProject
Project("{FAE04EC0-301F-11D3-BF4B-00C04F79EFBC}") = "Domain", "Domain\Domain.csproj", "{4ECB3B09-D86B-4CDA-8CD2-BF75DE2E4159}"
EndProject
Project("{FAE04EC0-301F-11D3-BF4B-00C04F79EFBC}") = "Common", "Common\Common.csproj", "{1B088D6A-A11A-4737-B2E6-4733BEDBBA53}"
EndProject
Project("{FAE04EC0-301F-11D3-BF4B-00C04F79EFBC}") = "Web", "Web\Web.csproj", "{0F7ECE12-FBBE-469F-81E3-CCDCF50497DA}"
EndProject
Project("{FAE04EC0-301F-11D3-BF4B-00C04F79EFBC}") = "CZLogger", "CZLogger\CZLogger.csproj", "{8C20F9A3-077F-497B-A23A-BCE4455D0210}"
EndProject
Project("{2150E333-8FDC-42A3-9474-1A3956D46DE8}") = "HuiEF", "HuiEF", "{E9EC4081-73E3-4A4D-953B-E8CFB9913867}"
EndProject
Project("{FAE04EC0-301F-11D3-BF4B-00C04F79EFBC}") = "HuiEF.Web", "HuiEF.Web\HuiEF.Web.csproj", "{CB5BC278-EDE1-48E4-8E97-B81010C08371}"
EndProject
Project("{FAE04EC0-301F-11D3-BF4B-00C04F79EFBC}") = "HuiEF.Data", "HuiEF.Data\HuiEF.Data.csproj", "{611013DD-2836-40FD-9D45-288A826429D7}"
EndProject
Project("{FAE04EC0-301F-11D3-BF4B-00C04F79EFBC}") = "HuiEF.Service", "HuiEF.Service\HuiEF.Service.csproj", "{7D9F5633-C415-43F2-AF9F-DB8F007D90CA}"
EndProject
Project("{FAE04EC0-301F-11D3-BF4B-00C04F79EFBC}") = "CacheRedis", "CacheRedis\CacheRedis.csproj", "{F25AE2C5-E542-4AB0-B3B4-AA8586E35036}"
EndProject
Global
	GlobalSection(SolutionConfigurationPlatforms) = preSolution
		Debug|Any CPU = Debug|Any CPU
		Release|Any CPU = Release|Any CPU
	EndGlobalSection
	GlobalSection(ProjectConfigurationPlatforms) = postSolution
		{3E072A14-6A47-4679-A813-6DBD0E5FAE5B}.Debug|Any CPU.ActiveCfg = Debug|Any CPU
		{3E072A14-6A47-4679-A813-6DBD0E5FAE5B}.Debug|Any CPU.Build.0 = Debug|Any CPU
		{3E072A14-6A47-4679-A813-6DBD0E5FAE5B}.Release|Any CPU.ActiveCfg = Release|Any CPU
		{3E072A14-6A47-4679-A813-6DBD0E5FAE5B}.Release|Any CPU.Build.0 = Release|Any CPU
		{4ECB3B09-D86B-4CDA-8CD2-BF75DE2E4159}.Debug|Any CPU.ActiveCfg = Debug|Any CPU
		{4ECB3B09-D86B-4CDA-8CD2-BF75DE2E4159}.Debug|Any CPU.Build.0 = Debug|Any CPU
		{4ECB3B09-D86B-4CDA-8CD2-BF75DE2E4159}.Release|Any CPU.ActiveCfg = Release|Any CPU
		{4ECB3B09-D86B-4CDA-8CD2-BF75DE2E4159}.Release|Any CPU.Build.0 = Release|Any CPU
		{1B088D6A-A11A-4737-B2E6-4733BEDBBA53}.Debug|Any CPU.ActiveCfg = Debug|Any CPU
		{1B088D6A-A11A-4737-B2E6-4733BEDBBA53}.Debug|Any CPU.Build.0 = Debug|Any CPU
		{1B088D6A-A11A-4737-B2E6-4733BEDBBA53}.Release|Any CPU.ActiveCfg = Release|Any CPU
		{1B088D6A-A11A-4737-B2E6-4733BEDBBA53}.Release|Any CPU.Build.0 = Release|Any CPU
		{0F7ECE12-FBBE-469F-81E3-CCDCF50497DA}.Debug|Any CPU.ActiveCfg = Debug|Any CPU
		{0F7ECE12-FBBE-469F-81E3-CCDCF50497DA}.Debug|Any CPU.Build.0 = Debug|Any CPU
		{0F7ECE12-FBBE-469F-81E3-CCDCF50497DA}.Release|Any CPU.ActiveCfg = Release|Any CPU
		{0F7ECE12-FBBE-469F-81E3-CCDCF50497DA}.Release|Any CPU.Build.0 = Release|Any CPU
		{8C20F9A3-077F-497B-A23A-BCE4455D0210}.Debug|Any CPU.ActiveCfg = Debug|Any CPU
		{8C20F9A3-077F-497B-A23A-BCE4455D0210}.Debug|Any CPU.Build.0 = Debug|Any CPU
		{8C20F9A3-077F-497B-A23A-BCE4455D0210}.Release|Any CPU.ActiveCfg = Release|Any CPU
		{8C20F9A3-077F-497B-A23A-BCE4455D0210}.Release|Any CPU.Build.0 = Release|Any CPU
		{CB5BC278-EDE1-48E4-8E97-B81010C08371}.Debug|Any CPU.ActiveCfg = Debug|Any CPU
		{CB5BC278-EDE1-48E4-8E97-B81010C08371}.Debug|Any CPU.Build.0 = Debug|Any CPU
		{CB5BC278-EDE1-48E4-8E97-B81010C08371}.Release|Any CPU.ActiveCfg = Release|Any CPU
		{CB5BC278-EDE1-48E4-8E97-B81010C08371}.Release|Any CPU.Build.0 = Release|Any CPU
		{611013DD-2836-40FD-9D45-288A826429D7}.Debug|Any CPU.ActiveCfg = Debug|Any CPU
		{611013DD-2836-40FD-9D45-288A826429D7}.Debug|Any CPU.Build.0 = Debug|Any CPU
		{611013DD-2836-40FD-9D45-288A826429D7}.Release|Any CPU.ActiveCfg = Release|Any CPU
		{611013DD-2836-40FD-9D45-288A826429D7}.Release|Any CPU.Build.0 = Release|Any CPU
		{7D9F5633-C415-43F2-AF9F-DB8F007D90CA}.Debug|Any CPU.ActiveCfg = Debug|Any CPU
		{7D9F5633-C415-43F2-AF9F-DB8F007D90CA}.Debug|Any CPU.Build.0 = Debug|Any CPU
		{7D9F5633-C415-43F2-AF9F-DB8F007D90CA}.Release|Any CPU.ActiveCfg = Release|Any CPU
		{7D9F5633-C415-43F2-AF9F-DB8F007D90CA}.Release|Any CPU.Build.0 = Release|Any CPU
		{F25AE2C5-E542-4AB0-B3B4-AA8586E35036}.Debug|Any CPU.ActiveCfg = Debug|Any CPU
		{F25AE2C5-E542-4AB0-B3B4-AA8586E35036}.Debug|Any CPU.Build.0 = Debug|Any CPU
		{F25AE2C5-E542-4AB0-B3B4-AA8586E35036}.Release|Any CPU.ActiveCfg = Release|Any CPU
		{F25AE2C5-E542-4AB0-B3B4-AA8586E35036}.Release|Any CPU.Build.0 = Release|Any CPU
	EndGlobalSection
	GlobalSection(SolutionProperties) = preSolution
		HideSolutionNode = FALSE
	EndGlobalSection
	GlobalSection(NestedProjects) = preSolution
		{CB5BC278-EDE1-48E4-8E97-B81010C08371} = {E9EC4081-73E3-4A4D-953B-E8CFB9913867}
		{611013DD-2836-40FD-9D45-288A826429D7} = {E9EC4081-73E3-4A4D-953B-E8CFB9913867}
		{7D9F5633-C415-43F2-AF9F-DB8F007D90CA} = {E9EC4081-73E3-4A4D-953B-E8CFB9913867}
	EndGlobalSection
EndGlobal
